// !$*UTF8*$!
{
	archiveVersion = 1;
	classes = {
	};
	objectVersion = 56;
	objects = {

/* Begin PBXBuildFile section */
		F6023E302BA64352004E8898 /* TextViews.swift in Sources */ = {isa = PBXBuildFile; fileRef = F6023E2F2BA64352004E8898 /* TextViews.swift */; };
		F61C35DF2BA707F80049243C /* RoundedViews.swift in Sources */ = {isa = PBXBuildFile; fileRef = F61C35DE2BA707F80049243C /* RoundedViews.swift */; };
		F646F0DA2BA4CF32002FE7A1 /* BullseyeTests.swift in Sources */ = {isa = PBXBuildFile; fileRef = F646F0D92BA4CF32002FE7A1 /* BullseyeTests.swift */; };
		F65A3A632BA6F8A300B50D9E /* Shapes.swift in Sources */ = {isa = PBXBuildFile; fileRef = F65A3A622BA6F8A300B50D9E /* Shapes.swift */; };
		F66742E12BA2216F00E1CF27 /* Game.swift in Sources */ = {isa = PBXBuildFile; fileRef = F66742E02BA2216F00E1CF27 /* Game.swift */; };
		F6BA4B372BA78EEF0098DE3B /* BackgroundView.swift in Sources */ = {isa = PBXBuildFile; fileRef = F6BA4B362BA78EEF0098DE3B /* BackgroundView.swift */; };
		F6BD9C652BAB8207000B6B15 /* PointsView.swift in Sources */ = {isa = PBXBuildFile; fileRef = F6BD9C642BAB8207000B6B15 /* PointsView.swift */; };
		F6D6E8B12B9FA66C00CC2053 /* BullseyeApp.swift in Sources */ = {isa = PBXBuildFile; fileRef = F6D6E8B02B9FA66C00CC2053 /* BullseyeApp.swift */; };
		F6D6E8B32B9FA66C00CC2053 /* ContentView.swift in Sources */ = {isa = PBXBuildFile; fileRef = F6D6E8B22B9FA66C00CC2053 /* ContentView.swift */; };
		F6D6E8B52B9FA66F00CC2053 /* Assets.xcassets in Resources */ = {isa = PBXBuildFile; fileRef = F6D6E8B42B9FA66F00CC2053 /* Assets.xcassets */; };
		F6D6E8B82B9FA66F00CC2053 /* Preview Assets.xcassets in Resources */ = {isa = PBXBuildFile; fileRef = F6D6E8B72B9FA66F00CC2053 /* Preview Assets.xcassets */; };
/* End PBXBuildFile section */

/* Begin PBXContainerItemProxy section */
		F646F0DB2BA4CF32002FE7A1 /* PBXContainerItemProxy */ = {
			isa = PBXContainerItemProxy;
			containerPortal = F6D6E8A52B9FA66C00CC2053 /* Project object */;
			proxyType = 1;
			remoteGlobalIDString = F6D6E8AC2B9FA66C00CC2053;
			remoteInfo = Bullseye;
		};
/* End PBXContainerItemProxy section */

/* Begin PBXFileReference section */
		F6023E2F2BA64352004E8898 /* TextViews.swift */ = {isa = PBXFileReference; lastKnownFileType = sourcecode.swift; path = TextViews.swift; sourceTree = "<group>"; };
		F61C35DE2BA707F80049243C /* RoundedViews.swift */ = {isa = PBXFileReference; lastKnownFileType = sourcecode.swift; path = RoundedViews.swift; sourceTree = "<group>"; };
		F646F0D72BA4CF32002FE7A1 /* BullseyeTests.xctest */ = {isa = PBXFileReference; explicitFileType = wrapper.cfbundle; includeInIndex = 0; path = BullseyeTests.xctest; sourceTree = BUILT_PRODUCTS_DIR; };
		F646F0D92BA4CF32002FE7A1 /* BullseyeTests.swift */ = {isa = PBXFileReference; lastKnownFileType = sourcecode.swift; path = BullseyeTests.swift; sourceTree = "<group>"; };
		F65A3A622BA6F8A300B50D9E /* Shapes.swift */ = {isa = PBXFileReference; lastKnownFileType = sourcecode.swift; path = Shapes.swift; sourceTree = "<group>"; };
		F66742E02BA2216F00E1CF27 /* Game.swift */ = {isa = PBXFileReference; lastKnownFileType = sourcecode.swift; path = Game.swift; sourceTree = "<group>"; };
		F6BA4B362BA78EEF0098DE3B /* BackgroundView.swift */ = {isa = PBXFileReference; lastKnownFileType = sourcecode.swift; path = BackgroundView.swift; sourceTree = "<group>"; };
		F6BD9C642BAB8207000B6B15 /* PointsView.swift */ = {isa = PBXFileReference; lastKnownFileType = sourcecode.swift; path = PointsView.swift; sourceTree = "<group>"; };
		F6D6E8AD2B9FA66C00CC2053 /* Bullseye.app */ = {isa = PBXFileReference; explicitFileType = wrapper.application; includeInIndex = 0; path = Bullseye.app; sourceTree = BUILT_PRODUCTS_DIR; };
		F6D6E8B02B9FA66C00CC2053 /* BullseyeApp.swift */ = {isa = PBXFileReference; lastKnownFileType = sourcecode.swift; path = BullseyeApp.swift; sourceTree = "<group>"; };
		F6D6E8B22B9FA66C00CC2053 /* ContentView.swift */ = {isa = PBXFileReference; lastKnownFileType = sourcecode.swift; path = ContentView.swift; sourceTree = "<group>"; };
		F6D6E8B42B9FA66F00CC2053 /* Assets.xcassets */ = {isa = PBXFileReference; lastKnownFileType = folder.assetcatalog; path = Assets.xcassets; sourceTree = "<group>"; };
		F6D6E8B72B9FA66F00CC2053 /* Preview Assets.xcassets */ = {isa = PBXFileReference; lastKnownFileType = folder.assetcatalog; path = "Preview Assets.xcassets"; sourceTree = "<group>"; };
/* End PBXFileReference section */

/* Begin PBXFrameworksBuildPhase section */
		F646F0D42BA4CF32002FE7A1 /* Frameworks */ = {
			isa = PBXFrameworksBuildPhase;
			buildActionMask = 2147483647;
			files = (
			);
			runOnlyForDeploymentPostprocessing = 0;
		};
		F6D6E8AA2B9FA66C00CC2053 /* Frameworks */ = {
			isa = PBXFrameworksBuildPhase;
			buildActionMask = 2147483647;
			files = (
			);
			runOnlyForDeploymentPostprocessing = 0;
		};
/* End PBXFrameworksBuildPhase section */

/* Begin PBXGroup section */
		F646F0D82BA4CF32002FE7A1 /* BullseyeTests */ = {
			isa = PBXGroup;
			children = (
				F646F0D92BA4CF32002FE7A1 /* BullseyeTests.swift */,
			);
			path = BullseyeTests;
			sourceTree = "<group>";
		};
		F66742DD2BA21FFD00E1CF27 /* Models */ = {
			isa = PBXGroup;
			children = (
				F66742E02BA2216F00E1CF27 /* Game.swift */,
			);
			path = Models;
			sourceTree = "<group>";
		};
		F66742DE2BA2200A00E1CF27 /* Views */ = {
			isa = PBXGroup;
			children = (
				F6D6E8B22B9FA66C00CC2053 /* ContentView.swift */,
				F6023E2F2BA64352004E8898 /* TextViews.swift */,
				F65A3A622BA6F8A300B50D9E /* Shapes.swift */,
				F61C35DE2BA707F80049243C /* RoundedViews.swift */,
				F6BA4B362BA78EEF0098DE3B /* BackgroundView.swift */,
				F6BD9C642BAB8207000B6B15 /* PointsView.swift */,
			);
			path = Views;
			sourceTree = "<group>";
		};
		F66742DF2BA2201E00E1CF27 /* App */ = {
			isa = PBXGroup;
			children = (
				F6D6E8B02B9FA66C00CC2053 /* BullseyeApp.swift */,
				F6D6E8B42B9FA66F00CC2053 /* Assets.xcassets */,
			);
			path = App;
			sourceTree = "<group>";
		};
		F6D6E8A42B9FA66C00CC2053 = {
			isa = PBXGroup;
			children = (
				F6D6E8AF2B9FA66C00CC2053 /* Bullseye */,
				F646F0D82BA4CF32002FE7A1 /* BullseyeTests */,
				F6D6E8AE2B9FA66C00CC2053 /* Products */,
			);
			sourceTree = "<group>";
		};
		F6D6E8AE2B9FA66C00CC2053 /* Products */ = {
			isa = PBXGroup;
			children = (
				F6D6E8AD2B9FA66C00CC2053 /* Bullseye.app */,
				F646F0D72BA4CF32002FE7A1 /* BullseyeTests.xctest */,
			);
			name = Products;
			sourceTree = "<group>";
		};
		F6D6E8AF2B9FA66C00CC2053 /* Bullseye */ = {
			isa = PBXGroup;
			children = (
				F66742DF2BA2201E00E1CF27 /* App */,
				F66742DE2BA2200A00E1CF27 /* Views */,
				F66742DD2BA21FFD00E1CF27 /* Models */,
				F6D6E8B62B9FA66F00CC2053 /* Preview Content */,
			);
			path = Bullseye;
			sourceTree = "<group>";
		};
		F6D6E8B62B9FA66F00CC2053 /* Preview Content */ = {
			isa = PBXGroup;
			children = (
				F6D6E8B72B9FA66F00CC2053 /* Preview Assets.xcassets */,
			);
			path = "Preview Content";
			sourceTree = "<group>";
		};
/* End PBXGroup section */

/* Begin PBXNativeTarget section */
		F646F0D62BA4CF32002FE7A1 /* BullseyeTests */ = {
			isa = PBXNativeTarget;
			buildConfigurationList = F646F0DF2BA4CF32002FE7A1 /* Build configuration list for PBXNativeTarget "BullseyeTests" */;
			buildPhases = (
				F646F0D32BA4CF32002FE7A1 /* Sources */,
				F646F0D42BA4CF32002FE7A1 /* Frameworks */,
				F646F0D52BA4CF32002FE7A1 /* Resources */,
			);
			buildRules = (
			);
			dependencies = (
				F646F0DC2BA4CF32002FE7A1 /* PBXTargetDependency */,
			);
			name = BullseyeTests;
			productName = BullseyeTests;
			productReference = F646F0D72BA4CF32002FE7A1 /* BullseyeTests.xctest */;
			productType = "com.apple.product-type.bundle.unit-test";
		};
		F6D6E8AC2B9FA66C00CC2053 /* Bullseye */ = {
			isa = PBXNativeTarget;
			buildConfigurationList = F6D6E8BB2B9FA66F00CC2053 /* Build configuration list for PBXNativeTarget "Bullseye" */;
			buildPhases = (
				F6D6E8A92B9FA66C00CC2053 /* Sources */,
				F6D6E8AA2B9FA66C00CC2053 /* Frameworks */,
				F6D6E8AB2B9FA66C00CC2053 /* Resources */,
			);
			buildRules = (
			);
			dependencies = (
			);
			name = Bullseye;
			productName = Bullseye;
			productReference = F6D6E8AD2B9FA66C00CC2053 /* Bullseye.app */;
			productType = "com.apple.product-type.application";
		};
/* End PBXNativeTarget section */

/* Begin PBXProject section */
		F6D6E8A52B9FA66C00CC2053 /* Project object */ = {
			isa = PBXProject;
			attributes = {
				BuildIndependentTargetsInParallel = 1;
				LastSwiftUpdateCheck = 1520;
				LastUpgradeCheck = 1520;
				TargetAttributes = {
					F646F0D62BA4CF32002FE7A1 = {
						CreatedOnToolsVersion = 15.2;
						TestTargetID = F6D6E8AC2B9FA66C00CC2053;
					};
					F6D6E8AC2B9FA66C00CC2053 = {
						CreatedOnToolsVersion = 15.2;
					};
				};
			};
			buildConfigurationList = F6D6E8A82B9FA66C00CC2053 /* Build configuration list for PBXProject "Bullseye" */;
			compatibilityVersion = "Xcode 14.0";
			developmentRegion = en;
			hasScannedForEncodings = 0;
			knownRegions = (
				en,
				Base,
			);
			mainGroup = F6D6E8A42B9FA66C00CC2053;
			productRefGroup = F6D6E8AE2B9FA66C00CC2053 /* Products */;
			projectDirPath = "";
			projectRoot = "";
			targets = (
				F6D6E8AC2B9FA66C00CC2053 /* Bullseye */,
				F646F0D62BA4CF32002FE7A1 /* BullseyeTests */,
			);
		};
/* End PBXProject section */

/* Begin PBXResourcesBuildPhase section */
		F646F0D52BA4CF32002FE7A1 /* Resources */ = {
			isa = PBXResourcesBuildPhase;
			buildActionMask = 2147483647;
			files = (
			);
			runOnlyForDeploymentPostprocessing = 0;
		};
		F6D6E8AB2B9FA66C00CC2053 /* Resources */ = {
			isa = PBXResourcesBuildPhase;
			buildActionMask = 2147483647;
			files = (
				F6D6E8B82B9FA66F00CC2053 /* Preview Assets.xcassets in Resources */,
				F6D6E8B52B9FA66F00CC2053 /* Assets.xcassets in Resources */,
			);
			runOnlyForDeploymentPostprocessing = 0;
		};
/* End PBXResourcesBuildPhase section */

/* Begin PBXSourcesBuildPhase section */
		F646F0D32BA4CF32002FE7A1 /* Sources */ = {
			isa = PBXSourcesBuildPhase;
			buildActionMask = 2147483647;
			files = (
				F646F0DA2BA4CF32002FE7A1 /* BullseyeTests.swift in Sources */,
			);
			runOnlyForDeploymentPostprocessing = 0;
		};
		F6D6E8A92B9FA66C00CC2053 /* Sources */ = {
			isa = PBXSourcesBuildPhase;
			buildActionMask = 2147483647;
			files = (
				F6D6E8B32B9FA66C00CC2053 /* ContentView.swift in Sources */,
				F6023E302BA64352004E8898 /* TextViews.swift in Sources */,
				F61C35DF2BA707F80049243C /* RoundedViews.swift in Sources */,
				F6BD9C652BAB8207000B6B15 /* PointsView.swift in Sources */,
				F6BA4B372BA78EEF0098DE3B /* BackgroundView.swift in Sources */,
				F65A3A632BA6F8A300B50D9E /* Shapes.swift in Sources */,
				F66742E12BA2216F00E1CF27 /* Game.swift in Sources */,
				F6D6E8B12B9FA66C00CC2053 /* BullseyeApp.swift in Sources */,
			);
			runOnlyForDeploymentPostprocessing = 0;
		};
/* End PBXSourcesBuildPhase section */

/* Begin PBXTargetDependency section */
		F646F0DC2BA4CF32002FE7A1 /* PBXTargetDependency */ = {
			isa = PBXTargetDependency;
			target = F6D6E8AC2B9FA66C00CC2053 /* Bullseye */;
			targetProxy = F646F0DB2BA4CF32002FE7A1 /* PBXContainerItemProxy */;
		};
/* End PBXTargetDependency section */

/* Begin XCBuildConfiguration section */
		F646F0DD2BA4CF32002FE7A1 /* Debug */ = {
			isa = XCBuildConfiguration;
			buildSettings = {
				BUNDLE_LOADER = "$(TEST_HOST)";
				CODE_SIGN_STYLE = Automatic;
				CURRENT_PROJECT_VERSION = 1;
				GENERATE_INFOPLIST_FILE = YES;
				IPHONEOS_DEPLOYMENT_TARGET = 17.2;
				MACOSX_DEPLOYMENT_TARGET = 14.2;
				MARKETING_VERSION = 1.0;
				PRODUCT_BUNDLE_IDENTIFIER = com.kodeco.BullseyeTests;
				PRODUCT_NAME = "$(TARGET_NAME)";
				SDKROOT = auto;
				SUPPORTED_PLATFORMS = "iphoneos iphonesimulator macosx";
				SWIFT_EMIT_LOC_STRINGS = NO;
				SWIFT_VERSION = 5.0;
				TARGETED_DEVICE_FAMILY = "1,2";
				TEST_HOST = "$(BUILT_PRODUCTS_DIR)/Bullseye.app/$(BUNDLE_EXECUTABLE_FOLDER_PATH)/Bullseye";
			};
			name = Debug;
		};
		F646F0DE2BA4CF32002FE7A1 /* Release */ = {
			isa = XCBuildConfiguration;
			buildSettings = {
				BUNDLE_LOADER = "$(TEST_HOST)";
				CODE_SIGN_STYLE = Automatic;
				CURRENT_PROJECT_VERSION = 1;
				GENERATE_INFOPLIST_FILE = YES;
				IPHONEOS_DEPLOYMENT_TARGET = 17.2;
				MACOSX_DEPLOYMENT_TARGET = 14.2;
				MARKETING_VERSION = 1.0;
				PRODUCT_BUNDLE_IDENTIFIER = com.kodeco.BullseyeTests;
				PRODUCT_NAME = "$(TARGET_NAME)";
				SDKROOT = auto;
				SUPPORTED_PLATFORMS = "iphoneos iphonesimulator macosx";
				SWIFT_EMIT_LOC_STRINGS = NO;
				SWIFT_VERSION = 5.0;
				TARGETED_DEVICE_FAMILY = "1,2";
				TEST_HOST = "$(BUILT_PRODUCTS_DIR)/Bullseye.app/$(BUNDLE_EXECUTABLE_FOLDER_PATH)/Bullseye";
			};
			name = Release;
		};
		F6D6E8B92B9FA66F00CC2053 /* Debug */ = {
			isa = XCBuildConfiguration;
			buildSettings = {
				ALWAYS_SEARCH_USER_PATHS = NO;
				ASSETCATALOG_COMPILER_GENERATE_SWIFT_ASSET_SYMBOL_EXTENSIONS = YES;
				CLANG_ANALYZER_NONNULL = YES;
				CLANG_ANALYZER_NUMBER_OBJECT_CONVERSION = YES_AGGRESSIVE;
				CLANG_CXX_LANGUAGE_STANDARD = "gnu++20";
				CLANG_ENABLE_MODULES = YES;
				CLANG_ENABLE_OBJC_ARC = YES;
				CLANG_ENABLE_OBJC_WEAK = YES;
				CLANG_WARN_BLOCK_CAPTURE_AUTORELEASING = YES;
				CLANG_WARN_BOOL_CONVERSION = YES;
				CLANG_WARN_COMMA = YES;
				CLANG_WARN_CONSTANT_CONVERSION = YES;
				CLANG_WARN_DEPRECATED_OBJC_IMPLEMENTATIONS = YES;
				CLANG_WARN_DIRECT_OBJC_ISA_USAGE = YES_ERROR;
				CLANG_WARN_DOCUMENTATION_COMMENTS = YES;
				CLANG_WARN_EMPTY_BODY = YES;
				CLANG_WARN_ENUM_CONVERSION = YES;
				CLANG_WARN_INFINITE_RECURSION = YES;
				CLANG_WARN_INT_CONVERSION = YES;
				CLANG_WARN_NON_LITERAL_NULL_CONVERSION = YES;
				CLANG_WARN_OBJC_IMPLICIT_RETAIN_SELF = YES;
				CLANG_WARN_OBJC_LITERAL_CONVERSION = YES;
				CLANG_WARN_OBJC_ROOT_CLASS = YES_ERROR;
				CLANG_WARN_QUOTED_INCLUDE_IN_FRAMEWORK_HEADER = YES;
				CLANG_WARN_RANGE_LOOP_ANALYSIS = YES;
				CLANG_WARN_STRICT_PROTOTYPES = YES;
				CLANG_WARN_SUSPICIOUS_MOVE = YES;
				CLANG_WARN_UNGUARDED_AVAILABILITY = YES_AGGRESSIVE;
				CLANG_WARN_UNREACHABLE_CODE = YES;
				CLANG_WARN__DUPLICATE_METHOD_MATCH = YES;
				COPY_PHASE_STRIP = NO;
				DEBUG_INFORMATION_FORMAT = dwarf;
				ENABLE_STRICT_OBJC_MSGSEND = YES;
				ENABLE_TESTABILITY = YES;
				ENABLE_USER_SCRIPT_SANDBOXING = YES;
				GCC_C_LANGUAGE_STANDARD = gnu17;
				GCC_DYNAMIC_NO_PIC = NO;
				GCC_NO_COMMON_BLOCKS = YES;
				GCC_OPTIMIZATION_LEVEL = 0;
				GCC_PREPROCESSOR_DEFINITIONS = (
					"DEBUG=1",
					"$(inherited)",
				);
				GCC_WARN_64_TO_32_BIT_CONVERSION = YES;
				GCC_WARN_ABOUT_RETURN_TYPE = YES_ERROR;
				GCC_WARN_UNDECLARED_SELECTOR = YES;
				GCC_WARN_UNINITIALIZED_AUTOS = YES_AGGRESSIVE;
				GCC_WARN_UNUSED_FUNCTION = YES;
				GCC_WARN_UNUSED_VARIABLE = YES;
				IPHONEOS_DEPLOYMENT_TARGET = 17.2;
				LOCALIZATION_PREFERS_STRING_CATALOGS = YES;
				MTL_ENABLE_DEBUG_INFO = INCLUDE_SOURCE;
				MTL_FAST_MATH = YES;
				ONLY_ACTIVE_ARCH = YES;
				SDKROOT = iphoneos;
				SWIFT_ACTIVE_COMPILATION_CONDITIONS = "DEBUG $(inherited)";
				SWIFT_OPTIMIZATION_LEVEL = "-Onone";
			};
			name = Debug;
		};
		F6D6E8BA2B9FA66F00CC2053 /* Release */ = {
			isa = XCBuildConfiguration;
			buildSettings = {
				ALWAYS_SEARCH_USER_PATHS = NO;
				ASSETCATALOG_COMPILER_GENERATE_SWIFT_ASSET_SYMBOL_EXTENSIONS = YES;
				CLANG_ANALYZER_NONNULL = YES;
				CLANG_ANALYZER_NUMBER_OBJECT_CONVERSION = YES_AGGRESSIVE;
				CLANG_CXX_LANGUAGE_STANDARD = "gnu++20";
				CLANG_ENABLE_MODULES = YES;
				CLANG_ENABLE_OBJC_ARC = YES;
				CLANG_ENABLE_OBJC_WEAK = YES;
				CLANG_WARN_BLOCK_CAPTURE_AUTORELEASING = YES;
				CLANG_WARN_BOOL_CONVERSION = YES;
				CLANG_WARN_COMMA = YES;
				CLANG_WARN_CONSTANT_CONVERSION = YES;
				CLANG_WARN_DEPRECATED_OBJC_IMPLEMENTATIONS = YES;
				CLANG_WARN_DIRECT_OBJC_ISA_USAGE = YES_ERROR;
				CLANG_WARN_DOCUMENTATION_COMMENTS = YES;
				CLANG_WARN_EMPTY_BODY = YES;
				CLANG_WARN_ENUM_CONVERSION = YES;
				CLANG_WARN_INFINITE_RECURSION = YES;
				CLANG_WARN_INT_CONVERSION = YES;
				CLANG_WARN_NON_LITERAL_NULL_CONVERSION = YES;
				CLANG_WARN_OBJC_IMPLICIT_RETAIN_SELF = YES;
				CLANG_WARN_OBJC_LITERAL_CONVERSION = YES;
				CLANG_WARN_OBJC_ROOT_CLASS = YES_ERROR;
				CLANG_WARN_QUOTED_INCLUDE_IN_FRAMEWORK_HEADER = YES;
				CLANG_WARN_RANGE_LOOP_ANALYSIS = YES;
				CLANG_WARN_STRICT_PROTOTYPES = YES;
				CLANG_WARN_SUSPICIOUS_MOVE = YES;
				CLANG_WARN_UNGUARDED_AVAILABILITY = YES_AGGRESSIVE;
				CLANG_WARN_UNREACHABLE_CODE = YES;
				CLANG_WARN__DUPLICATE_METHOD_MATCH = YES;
				COPY_PHASE_STRIP = NO;
				DEBUG_INFORMATION_FORMAT = "dwarf-with-dsym";
				ENABLE_NS_ASSERTIONS = NO;
				ENABLE_STRICT_OBJC_MSGSEND = YES;
				ENABLE_USER_SCRIPT_SANDBOXING = YES;
				GCC_C_LANGUAGE_STANDARD = gnu17;
				GCC_NO_COMMON_BLOCKS = YES;
				GCC_WARN_64_TO_32_BIT_CONVERSION = YES;
				GCC_WARN_ABOUT_RETURN_TYPE = YES_ERROR;
				GCC_WARN_UNDECLARED_SELECTOR = YES;
				GCC_WARN_UNINITIALIZED_AUTOS = YES_AGGRESSIVE;
				GCC_WARN_UNUSED_FUNCTION = YES;
				GCC_WARN_UNUSED_VARIABLE = YES;
				IPHONEOS_DEPLOYMENT_TARGET = 17.2;
				LOCALIZATION_PREFERS_STRING_CATALOGS = YES;
				MTL_ENABLE_DEBUG_INFO = NO;
				MTL_FAST_MATH = YES;
				SDKROOT = iphoneos;
				SWIFT_COMPILATION_MODE = wholemodule;
				VALIDATE_PRODUCT = YES;
			};
			name = Release;
		};
		F6D6E8BC2B9FA66F00CC2053 /* Debug */ = {
			isa = XCBuildConfiguration;
			buildSettings = {
				ASSETCATALOG_COMPILER_APPICON_NAME = AppIcon;
				ASSETCATALOG_COMPILER_GLOBAL_ACCENT_COLOR_NAME = AccentColor;
				CODE_SIGN_STYLE = Automatic;
				CURRENT_PROJECT_VERSION = 1;
				DEVELOPMENT_ASSET_PATHS = "\"Bullseye/Preview Content\"";
				ENABLE_PREVIEWS = YES;
				GENERATE_INFOPLIST_FILE = YES;
				INFOPLIST_KEY_UIApplicationSceneManifest_Generation = YES;
				INFOPLIST_KEY_UIApplicationSupportsIndirectInputEvents = YES;
				INFOPLIST_KEY_UILaunchScreen_Generation = YES;
				INFOPLIST_KEY_UISupportedInterfaceOrientations_iPad = "UIInterfaceOrientationPortrait UIInterfaceOrientationPortraitUpsideDown UIInterfaceOrientationLandscapeLeft UIInterfaceOrientationLandscapeRight";
				INFOPLIST_KEY_UISupportedInterfaceOrientations_iPhone = "UIInterfaceOrientationPortrait UIInterfaceOrientationLandscapeLeft UIInterfaceOrientationLandscapeRight";
				LD_RUNPATH_SEARCH_PATHS = (
					"$(inherited)",
					"@executable_path/Frameworks",
				);
				MARKETING_VERSION = 1.0;
				PRODUCT_BUNDLE_IDENTIFIER = com.kodeco.Bullseye;
				PRODUCT_NAME = "$(TARGET_NAME)";
				SWIFT_EMIT_LOC_STRINGS = YES;
				SWIFT_VERSION = 5.0;
				TARGETED_DEVICE_FAMILY = "1,2";
			};
			name = Debug;
		};
		F6D6E8BD2B9FA66F00CC2053 /* Release */ = {
			isa = XCBuildConfiguration;
			buildSettings = {
				ASSETCATALOG_COMPILER_APPICON_NAME = AppIcon;
				ASSETCATALOG_COMPILER_GLOBAL_ACCENT_COLOR_NAME = AccentColor;
				CODE_SIGN_STYLE = Automatic;
				CURRENT_PROJECT_VERSION = 1;
				DEVELOPMENT_ASSET_PATHS = "\"Bullseye/Preview Content\"";
				ENABLE_PREVIEWS = YES;
				GENERATE_INFOPLIST_FILE = YES;
				INFOPLIST_KEY_UIApplicationSceneManifest_Generation = YES;
				INFOPLIST_KEY_UIApplicationSupportsIndirectInputEvents = YES;
				INFOPLIST_KEY_UILaunchScreen_Generation = YES;
				INFOPLIST_KEY_UISupportedInterfaceOrientations_iPad = "UIInterfaceOrientationPortrait UIInterfaceOrientationPortraitUpsideDown UIInterfaceOrientationLandscapeLeft UIInterfaceOrientationLandscapeRight";
				INFOPLIST_KEY_UISupportedInterfaceOrientations_iPhone = "UIInterfaceOrientationPortrait UIInterfaceOrientationLandscapeLeft UIInterfaceOrientationLandscapeRight";
				LD_RUNPATH_SEARCH_PATHS = (
					"$(inherited)",
					"@executable_path/Frameworks",
				);
				MARKETING_VERSION = 1.0;
				PRODUCT_BUNDLE_IDENTIFIER = com.kodeco.Bullseye;
				PRODUCT_NAME = "$(TARGET_NAME)";
				SWIFT_EMIT_LOC_STRINGS = YES;
				SWIFT_VERSION = 5.0;
				TARGETED_DEVICE_FAMILY = "1,2";
			};
			name = Release;
		};
/* End XCBuildConfiguration section */

/* Begin XCConfigurationList section */
		F646F0DF2BA4CF32002FE7A1 /* Build configuration list for PBXNativeTarget "BullseyeTests" */ = {
			isa = XCConfigurationList;
			buildConfigurations = (
				F646F0DD2BA4CF32002FE7A1 /* Debug */,
				F646F0DE2BA4CF32002FE7A1 /* Release */,
			);
			defaultConfigurationIsVisible = 0;
			defaultConfigurationName = Release;
		};
		F6D6E8A82B9FA66C00CC2053 /* Build configuration list for PBXProject "Bullseye" */ = {
			isa = XCConfigurationList;
			buildConfigurations = (
				F6D6E8B92B9FA66F00CC2053 /* Debug */,
				F6D6E8BA2B9FA66F00CC2053 /* Release */,
			);
			defaultConfigurationIsVisible = 0;
			defaultConfigurationName = Release;
		};
		F6D6E8BB2B9FA66F00CC2053 /* Build configuration list for PBXNativeTarget "Bullseye" */ = {
			isa = XCConfigurationList;
			buildConfigurations = (
				F6D6E8BC2B9FA66F00CC2053 /* Debug */,
				F6D6E8BD2B9FA66F00CC2053 /* Release */,
			);
			defaultConfigurationIsVisible = 0;
			defaultConfigurationName = Release;
		};
/* End XCConfigurationList section */
	};
	rootObject = F6D6E8A52B9FA66C00CC2053 /* Project object */;
}
